
Microsoft Visual Studio Solution File, Format Version 12.00
# Visual Studio Version 17
VisualStudioVersion = 17.9.34622.214
MinimumVisualStudioVersion = 10.0.40219.1
Project("{FAE04EC0-301F-11D3-BF4B-00C04F79EFBC}") = "sample-web-api", "sample-web-api.csproj", "{A56D7D45-3CBB-4316-991F-F443192670E1}"
EndProject
Global
	GlobalSection(SolutionConfigurationPlatforms) = preSolution
		Debug|Any CPU = Debug|Any CPU
		Release|Any CPU = Release|Any CPU
	EndGlobalSection
	GlobalSection(ProjectConfigurationPlatforms) = postSolution
		{A56D7D45-3CBB-4316-991F-F443192670E1}.Debug|Any CPU.ActiveCfg = Debug|Any CPU
		{A56D7D45-3CBB-4316-991F-F443192670E1}.Debug|Any CPU.Build.0 = Debug|Any CPU
		{A56D7D45-3CBB-4316-991F-F443192670E1}.Release|Any CPU.ActiveCfg = Release|Any CPU
		{A56D7D45-3CBB-4316-991F-F443192670E1}.Release|Any CPU.Build.0 = Release|Any CPU
	EndGlobalSection
	GlobalSection(SolutionProperties) = preSolution
		HideSolutionNode = FALSE
	EndGlobalSection
	GlobalSection(ExtensibilityGlobals) = postSolution
		SolutionGuid = {88D39C58-453A-4560-88FE-0324B049CBE0}
	EndGlobalSection
EndGlobal
